
Microsoft Visual Studio Solution File, Format Version 12.00
# Visual Studio Version 17
VisualStudioVersion = 17.8.34309.116
MinimumVisualStudioVersion = 10.0.40219.1
Project("{FAE04EC0-301F-11D3-BF4B-00C04F79EFBC}") = "SchoolDatabase", "SchoolDatabase\SchoolDatabase.csproj", "{CA7CA125-FAD0-4179-953F-A8258880144F}"
EndProject
Global
	GlobalSection(SolutionConfigurationPlatforms) = preSolution
		Debug|Any CPU = Debug|Any CPU
		Release|Any CPU = Release|Any CPU
	EndGlobalSection
	GlobalSection(ProjectConfigurationPlatforms) = postSolution
		{CA7CA125-FAD0-4179-953F-A8258880144F}.Debug|Any CPU.ActiveCfg = Debug|Any CPU
		{CA7CA125-FAD0-4179-953F-A8258880144F}.Debug|Any CPU.Build.0 = Debug|Any CPU
		{CA7CA125-FAD0-4179-953F-A8258880144F}.Release|Any CPU.ActiveCfg = Release|Any CPU
		{CA7CA125-FAD0-4179-953F-A8258880144F}.Release|Any CPU.Build.0 = Release|Any CPU
	EndGlobalSection
	GlobalSection(SolutionProperties) = preSolution
		HideSolutionNode = FALSE
	EndGlobalSection
	GlobalSection(ExtensibilityGlobals) = postSolution
		SolutionGuid = {F862A52B-1388-447F-8533-F57D5BCB0E1E}
	EndGlobalSection
EndGlobal
